github.com/gethugothemes/hugo-modules/accordion v0.0.0-20250702070945-cd8319c6b26e h1:yeUGenAenE/TAr+h4N1d9u8TMqZFgyk3RkJg87HY8bY=
github.com/gethugothemes/hugo-modules/accordion v0.0.0-20250702070945-cd8319c6b26e/go.mod h1:D4DpauKPDcUHI9CVKYmJeO6bkSJIhUN864TyXZ2o0VI=
github.com/gethugothemes/hugo-modules/adsense v0.0.0-20250702070945-cd8319c6b26e h1:IlTqtQ0ZRSc4ft7yME2x4HVOvNjXsQdf2j67ohlMCuA=
github.com/gethugothemes/hugo-modules/adsense v0.0.0-20250702070945-cd8319c6b26e/go.mod h1:8p/gG/cyyu20z4q5cFN/JGE5TOFA55Xsp+aIP9KCsqo=
github.com/gethugothemes/hugo-modules/components/cookie-consent v0.0.0-20250702070945-cd8319c6b26e h1:2ESPpEOSc4UnrvuP403RRkH+8ZNDONAmYWKk2iGPQoE=
github.com/gethugothemes/hugo-modules/components/cookie-consent v0.0.0-20250702070945-cd8319c6b26e/go.mod h1:511ERLpGe3ZTfV2z/NAtUSR5NqKF26h9z5lU/zYV4YQ=
github.com/gethugothemes/hugo-modules/components/crisp-chat v0.0.0-20250702070945-cd8319c6b26e h1:lZKyrDxOcd9D+zgSpFBXjAoq2d/pJBbOTb6ITujQFZ8=
github.com/gethugothemes/hugo-modules/components/crisp-chat v0.0.0-20250702070945-cd8319c6b26e/go.mod h1:qiV/PIeVY59RD2W885rFWc7b62uovQZO6VPFHeP5LT0=
github.com/gethugothemes/hugo-modules/components/custom-script v0.0.0-20250702070945-cd8319c6b26e h1:5YQBKlrbIRSSw7VjPZjEg5wZ6xVVXSfQdxoB2dZdp5w=
github.com/gethugothemes/hugo-modules/components/custom-script v0.0.0-20250702070945-cd8319c6b26e/go.mod h1:RuDHq4WnK8sNEzAIJr4BZQ7oXhzcct/EKaAxc2Xvi9E=
github.com/gethugothemes/hugo-modules/components/preloader v0.0.0-20250702070945-cd8319c6b26e h1:0+Fyqpcl6RSmeuznyp53fWdx/UmSebx4J66q3KWurxk=
github.com/gethugothemes/hugo-modules/components/preloader v0.0.0-20250702070945-cd8319c6b26e/go.mod h1:FP0iQ3tMOesuWFZhLst2KEvUEYPb5Jk1GW+QBP9lrwg=
github.com/gethugothemes/hugo-modules/components/render-link v0.0.0-20250702070945-cd8319c6b26e h1:RLVNVedKWohxb+/0rDwf0WcWDYcjDjQsEVwAsODojBc=
github.com/gethugothemes/hugo-modules/components/render-link v0.0.0-20250702070945-cd8319c6b26e/go.mod h1:z3YcIeEBUonAoRDY1/Jv1ojNVkZ5ud35a0Nn8L4Inx0=
github.com/gethugothemes/hugo-modules/components/social-share v0.0.0-20250702070945-cd8319c6b26e h1:O5rS96mOri+c4fwIhR+gsAiCvNu1gN/7YWiY69k4th4=
github.com/gethugothemes/hugo-modules/components/social-share v0.0.0-20250702070945-cd8319c6b26e/go.mod h1:Gcj4RM/EBECsJMZnPeWjfy/1roRYGqzV9GYNmeHkvFA=
github.com/gethugothemes/hugo-modules/gallery-slider v0.0.0-20250702070945-cd8319c6b26e h1:NgDMR7siU4Co054+OtF3mbm5LZxeILQM7RxGWZQWsFk=
github.com/gethugothemes/hugo-modules/gallery-slider v0.0.0-20250702070945-cd8319c6b26e/go.mod h1:MvQ2js/ofZ22CTX5wuvE+dC0rMe6C5HAWL2fEOu/yzE=
github.com/gethugothemes/hugo-modules/gzip-caching v0.0.0-20250702070945-cd8319c6b26e h1:LXPCTA8RsFXfcj8/jiIb2eY0WHFDQmJOeYUsJRsnJBk=
github.com/gethugothemes/hugo-modules/gzip-caching v0.0.0-20250702070945-cd8319c6b26e/go.mod h1:0ZMjTZVG4XLZU2/icc8Saqo4mmgMpfRTrUZU2Aa2Pwg=
github.com/gethugothemes/hugo-modules/icons/font-awesome v0.0.0-20250702070945-cd8319c6b26e h1:G73VfYfePhAlt0OKW2LEzXRhfcgdbCdAod4eVmqsW3Y=
github.com/gethugothemes/hugo-modules/icons/font-awesome v0.0.0-20250702070945-cd8319c6b26e/go.mod h1:d3gy1vQyfasPmGpau7HpQLrXbOv23PfXclSnjyOBxeU=
github.com/gethugothemes/hugo-modules/images v0.0.0-20250702070945-cd8319c6b26e h1:qM7Y9IUOEXk+3D3cT4nIowJoEUhPKnaWuDLNKmDbo3g=
github.com/gethugothemes/hugo-modules/images v0.0.0-20250702070945-cd8319c6b26e/go.mod h1:FKliP3qOW9diIcQeLtyZ0Hdhg3PL8bdAkC/6O+XtU90=
github.com/gethugothemes/hugo-modules/pwa v0.0.0-20250702070945-cd8319c6b26e h1:2H9ZMpna5lgtEKjgOZfxB6yfcmcBArALMaZefS4sn00=
github.com/gethugothemes/hugo-modules/pwa v0.0.0-20250702070945-cd8319c6b26e/go.mod h1:TRv7iszdfo37O1PbBEE+S8X/enAdpRIxK5DGrp13Qbo=
github.com/gethugothemes/hugo-modules/seo-tools/baidu-analytics v0.0.0-20250702070945-cd8319c6b26e h1:nn4aTOy/W8xkUNTypbVH7q1xle9njBqJG2qB/TON5eA=
github.com/gethugothemes/hugo-modules/seo-tools/baidu-analytics v0.0.0-20250702070945-cd8319c6b26e/go.mod h1:D/bbq2hSHE+r582zpC3rEdvuk8GufDnq9sGL3xCk/C0=
github.com/gethugothemes/hugo-modules/seo-tools/basic-seo v0.0.0-20250702070945-cd8319c6b26e h1:cQYmFwZ2+vlhzrz2FK5tSDy9/XbnxmSFIO6JMkfmXs4=
github.com/gethugothemes/hugo-modules/seo-tools/basic-seo v0.0.0-20250702070945-cd8319c6b26e/go.mod h1:Q8dPgjamV7pxwKSQyWV21Xwh5CGi23/k+M8HPTphYbs=
github.com/gethugothemes/hugo-modules/seo-tools/counter-analytics v0.0.0-20250702070945-cd8319c6b26e h1:3YcRgEznXZDLAJlXsdvCOiF/+BvHScZCoB/R4qThrgk=
github.com/gethugothemes/hugo-modules/seo-tools/counter-analytics v0.0.0-20250702070945-cd8319c6b26e/go.mod h1:3kPooRg0PWUkciccThPQbBvIpTfSCo7W9mc3a5GxXHs=
github.com/gethugothemes/hugo-modules/seo-tools/google-tag-manager v0.0.0-20250702070945-cd8319c6b26e h1:+xtmpzJdZmSDbGtGx3hyLlz/8Z+EsCK0dDNZlSDTyBE=
github.com/gethugothemes/hugo-modules/seo-tools/google-tag-manager v0.0.0-20250702070945-cd8319c6b26e/go.mod h1:cCq50yd55eFTrpqOfeyOK5X0hU5E7qxsqOD7IzTsgLA=
github.com/gethugothemes/hugo-modules/seo-tools/matomo-analytics v0.0.0-20250702070945-cd8319c6b26e h1:QSsnkwUytvfFTfNOim7woIQsJ0x4xUM+EoDyrOx4030=
github.com/gethugothemes/hugo-modules/seo-tools/matomo-analytics v0.0.0-20250702070945-cd8319c6b26e/go.mod h1:P2GLltWjXFBJlatFKh4l6WOBszW7+f09myLkZoBBgEs=
github.com/gethugothemes/hugo-modules/seo-tools/plausible-analytics v0.0.0-20250702070945-cd8319c6b26e h1:WUMcM6VXmRtvAYuymjlrTCntOWK98Ko3QggxeapBs/E=
github.com/gethugothemes/hugo-modules/seo-tools/plausible-analytics v0.0.0-20250702070945-cd8319c6b26e/go.mod h1:MOJtK8ttzyqQiqs0xQkk6xgPaxGbcH7WI5thobpNvqg=
github.com/gethugothemes/hugo-modules/seo-tools/site-verifications v0.0.0-20250702070945-cd8319c6b26e h1:T7z6lO/lTCC0Fmolj5oAzF1dUMZBeDwOWW64HS4aujA=
github.com/gethugothemes/hugo-modules/seo-tools/site-verifications v0.0.0-20250702070945-cd8319c6b26e/go.mod h1:iXielaya126qJscz7Bc2G2WB91moloQOoWru6UoBUyE=
github.com/gethugothemes/hugo-modules/shortcodes/button v0.0.0-20250702070945-cd8319c6b26e h1:Smgl9VRE+TEvRQ4jYsR4wfnyOX2abq0TYftGJF6sSmA=
github.com/gethugothemes/hugo-modules/shortcodes/button v0.0.0-20250702070945-cd8319c6b26e/go.mod h1:MSvxGvjvcGUKTs6YMATU/9kYFrzW+VSVdy4CCOQLdsY=
github.com/gethugothemes/hugo-modules/shortcodes/codepen v0.0.0-20250702070945-cd8319c6b26e h1:Glmx9BwIzJT4+LOIOKStD1TeXDu96espVRKCU5Qxlw4=
github.com/gethugothemes/hugo-modules/shortcodes/codepen v0.0.0-20250702070945-cd8319c6b26e/go.mod h1:Y4eAJ7fkCSC6k6fl1+qF4DIoRepAYyB9Om4kBCAixcg=
github.com/gethugothemes/hugo-modules/shortcodes/collapse v0.0.0-20240925042433-d2b5d05977e8 h1:/ekDbxlWbloUT149PLaCKTORR7rKoeJaqOdOXlFsDSg=
github.com/gethugothemes/hugo-modules/shortcodes/collapse v0.0.0-20240925042433-d2b5d05977e8/go.mod h1:rBCFuR+QzMk0S1npR0zVDzgocFncOmyxWToJlRw4ZxU=
github.com/gethugothemes/hugo-modules/shortcodes/gallery v0.0.0-20240925042433-d2b5d05977e8 h1:AhY4qvFxv9J6UzbDwXsYHqyamTFBR6OaEv2LJOtfoBg=
github.com/gethugothemes/hugo-modules/shortcodes/gallery v0.0.0-20240925042433-d2b5d05977e8/go.mod h1:nPS/s/W7rrOwgt46g4/tOkBhiJzg61M6AzUbGbNTNKY=
github.com/gethugothemes/hugo-modules/shortcodes/notice v0.0.0-20250702070945-cd8319c6b26e h1:PSRioId6cJ+niztdLkbGyxpuu4YETRTau8e7KvlZYlo=
github.com/gethugothemes/hugo-modules/shortcodes/notice v0.0.0-20250702070945-cd8319c6b26e/go.mod h1:ljWyMJx82WA+6SlKjbGFhEdxcriyvUTCjXkJHDa4lho=
github.com/gethugothemes/hugo-modules/shortcodes/table-of-contents v0.0.0-20240925042433-d2b5d05977e8 h1:UfZLrz9c/e6jZwNjJPRPOVL+k/vNIPzCve7QA9VcNbQ=
github.com/gethugothemes/hugo-modules/shortcodes/table-of-contents v0.0.0-20240925042433-d2b5d05977e8/go.mod h1:LKCp/rg9cHtfjHpIEYmpR8kuauI8JNN79nmdkFURXp0=
github.com/gethugothemes/hugo-modules/shortcodes/tabs v0.0.0-20240925042433-d2b5d05977e8 h1:wGiEHblbXl9qYzFcIoOk+LzNmhukToXjf+YVVFZwHvY=
github.com/gethugothemes/hugo-modules/shortcodes/tabs v0.0.0-20240925042433-d2b5d05977e8/go.mod h1:zaQhvQgsSOWfSm/zP3NbWWEfrxgrcdpBblljz2IA2vA=
github.com/gethugothemes/hugo-modules/shortcodes/video v0.0.0-20240925042433-d2b5d05977e8 h1:GmBpIrEhfkBG5MTw++XOvKqVUcqCMy0TFnPXGFOBL60=
github.com/gethugothemes/hugo-modules/shortcodes/video v0.0.0-20240925042433-d2b5d05977e8/go.mod h1:s5CHMBd7/NalnckFfRhZJvqXPY/QTrluDvRgZm7+Cr0=
github.com/gethugothemes/hugo-modules/shortcodes/youtube-lite v0.0.0-20240925042433-d2b5d05977e8 h1:37TeExumLSf8kV1MGGk8YgeloDASIRqejc+65YAZcAg=
github.com/gethugothemes/hugo-modules/shortcodes/youtube-lite v0.0.0-20240925042433-d2b5d05977e8/go.mod h1:DtWNw6au8NQg1Y0x470DstCHqjWZPnwm61Uu6ZIMy50=
github.com/gethugothemes/hugo-modules/tab v0.0.0-20250702070945-cd8319c6b26e h1:9Lo06KpXEKlMeFzjHKukNQ/WHOCRIJw9bQs9q/HXyiQ=
github.com/gethugothemes/hugo-modules/tab v0.0.0-20250702070945-cd8319c6b26e/go.mod h1:h3UxlxrFoU19JldxWLPBKaTZFe3AJtABrqo1wfxr+Ng=
github.com/gethugothemes/hugo-modules/videos v0.0.0-20250702070945-cd8319c6b26e h1:tOnlYxVEet334mwKNlUmPVEOLKNJpy3/IRhegSI9ItE=
github.com/gethugothemes/hugo-modules/videos v0.0.0-20250702070945-cd8319c6b26e/go.mod h1:P722lLWdnNhdZVq6gvMrOLqECUwrAYQWaOWlChta5H0=
github.com/gohugoio/hugo-mod-bootstrap-scss/v5 v5.20300.20400 h1:L6+F22i76xmeWWwrtijAhUbf3BiRLmpO5j34bgl1ggU=
github.com/gohugoio/hugo-mod-bootstrap-scss/v5 v5.20300.20400/go.mod h1:uekq1D4ebeXgduLj8VIZy8TgfTjrLdSl6nPtVczso78=
github.com/gohugoio/hugo-mod-jslibs-dist/popperjs/v2 v2.21100.20000 h1:GZxx4Hc+yb0/t3/rau1j8XlAxLE4CyXns2fqQbyqWfs=
github.com/gohugoio/hugo-mod-jslibs-dist/popperjs/v2 v2.21100.20000/go.mod h1:mFberT6ZtcchrsDtfvJM7aAH2bDKLdOnruUHl0hlapI=
github.com/twbs/bootstrap v5.3.3+incompatible/go.mod h1:fZTSrkpSf0/HkL0IIJzvVspTt1r9zuf7XlZau8kpcY0=
github.com/twbs/bootstrap v5.3.8+incompatible h1:eK1fsXP7R/FWFt+sSNmmvUH9usPocf240nWVw7Dh02o=
github.com/twbs/bootstrap v5.3.8+incompatible/go.mod h1:fZTSrkpSf0/HkL0IIJzvVspTt1r9zuf7XlZau8kpcY0=
